
Microsoft Visual Studio Solution File, Format Version 12.00
# Visual Studio Version 17
VisualStudioVersion = 17.1.32228.430
MinimumVisualStudioVersion = 10.0.40219.1
Project("{2150E333-8FDC-42A3-9474-1A3956D46DE8}") = "src", "src", "{BD547175-5080-4D9D-82A8-7E5D49E5E8CE}"
EndProject
Project("{2150E333-8FDC-42A3-9474-1A3956D46DE8}") = "Domain", "Domain", "{31BC1FCF-A1D9-4F78-9997-A80AE8E08950}"
EndProject
Project("{2150E333-8FDC-42A3-9474-1A3956D46DE8}") = "Dal", "Dal", "{5247EE70-7EFF-4CB5-8755-28975D3704CB}"
EndProject
Project("{2150E333-8FDC-42A3-9474-1A3956D46DE8}") = "Application", "Application", "{A9150F9A-C37E-4F6B-9864-2CBA4A0D0AF7}"
EndProject
Project("{2150E333-8FDC-42A3-9474-1A3956D46DE8}") = "Api", "Api", "{2DEF7270-C02D-4B26-B609-AB922B061ED6}"
EndProject
Project("{2150E333-8FDC-42A3-9474-1A3956D46DE8}") = "Extensions", "Extensions", "{746C8CA3-1B8E-486B-809B-5A5F8EE0BC53}"
EndProject
Project("{2150E333-8FDC-42A3-9474-1A3956D46DE8}") = "Tests", "Tests", "{D78F5329-35DA-4A58-A1A7-0D09D7F44C69}"
EndProject
Project("{FAE04EC0-301F-11D3-BF4B-00C04F79EFBC}") = "Adverts.Domain", "src\Domain\Adverts.Domain\Adverts.Domain.csproj", "{C163E435-712F-43A8-B865-EA51626C893F}"
EndProject
Project("{FAE04EC0-301F-11D3-BF4B-00C04F79EFBC}") = "Adverts.Dal", "src\Dal\Adverts.Dal\Adverts.Dal.csproj", "{9A1CE7C2-B9C6-47C2-8F48-DDB2533C5926}"
EndProject
Project("{FAE04EC0-301F-11D3-BF4B-00C04F79EFBC}") = "Adverts.Application", "src\Application\Adverts.Application\Adverts.Application.csproj", "{9A45C24B-693F-4E32-B459-391AFA0AFB5F}"
EndProject
Project("{FAE04EC0-301F-11D3-BF4B-00C04F79EFBC}") = "Adverts.Extensions", "src\Extensions\Adverts.Extensions\Adverts.Extensions.csproj", "{C84CA381-ABFA-4422-BC22-D49B6FB64547}"
EndProject
Project("{FAE04EC0-301F-11D3-BF4B-00C04F79EFBC}") = "Adverts.Tests", "src\Tests\Adverts.Tests\Adverts.Tests.csproj", "{EB661BC6-C7C4-4AD4-9FF1-C6B5FD7C6104}"
EndProject
Project("{FAE04EC0-301F-11D3-BF4B-00C04F79EFBC}") = "Adverts.Api", "src\Api\Adverts.Api\Adverts.Api.csproj", "{0C578DC3-F05F-4235-8441-2D005B5DC5A2}"
EndProject
Global
	GlobalSection(SolutionConfigurationPlatforms) = preSolution
		Debug|Any CPU = Debug|Any CPU
		Release|Any CPU = Release|Any CPU
	EndGlobalSection
	GlobalSection(ProjectConfigurationPlatforms) = postSolution
		{C163E435-712F-43A8-B865-EA51626C893F}.Debug|Any CPU.ActiveCfg = Debug|Any CPU
		{C163E435-712F-43A8-B865-EA51626C893F}.Debug|Any CPU.Build.0 = Debug|Any CPU
		{C163E435-712F-43A8-B865-EA51626C893F}.Release|Any CPU.ActiveCfg = Release|Any CPU
		{C163E435-712F-43A8-B865-EA51626C893F}.Release|Any CPU.Build.0 = Release|Any CPU
		{9A1CE7C2-B9C6-47C2-8F48-DDB2533C5926}.Debug|Any CPU.ActiveCfg = Debug|Any CPU
		{9A1CE7C2-B9C6-47C2-8F48-DDB2533C5926}.Debug|Any CPU.Build.0 = Debug|Any CPU
		{9A1CE7C2-B9C6-47C2-8F48-DDB2533C5926}.Release|Any CPU.ActiveCfg = Release|Any CPU
		{9A1CE7C2-B9C6-47C2-8F48-DDB2533C5926}.Release|Any CPU.Build.0 = Release|Any CPU
		{9A45C24B-693F-4E32-B459-391AFA0AFB5F}.Debug|Any CPU.ActiveCfg = Debug|Any CPU
		{9A45C24B-693F-4E32-B459-391AFA0AFB5F}.Debug|Any CPU.Build.0 = Debug|Any CPU
		{9A45C24B-693F-4E32-B459-391AFA0AFB5F}.Release|Any CPU.ActiveCfg = Release|Any CPU
		{9A45C24B-693F-4E32-B459-391AFA0AFB5F}.Release|Any CPU.Build.0 = Release|Any CPU
		{C84CA381-ABFA-4422-BC22-D49B6FB64547}.Debug|Any CPU.ActiveCfg = Debug|Any CPU
		{C84CA381-ABFA-4422-BC22-D49B6FB64547}.Debug|Any CPU.Build.0 = Debug|Any CPU
		{C84CA381-ABFA-4422-BC22-D49B6FB64547}.Release|Any CPU.ActiveCfg = Release|Any CPU
		{C84CA381-ABFA-4422-BC22-D49B6FB64547}.Release|Any CPU.Build.0 = Release|Any CPU
		{EB661BC6-C7C4-4AD4-9FF1-C6B5FD7C6104}.Debug|Any CPU.ActiveCfg = Debug|Any CPU
		{EB661BC6-C7C4-4AD4-9FF1-C6B5FD7C6104}.Debug|Any CPU.Build.0 = Debug|Any CPU
		{EB661BC6-C7C4-4AD4-9FF1-C6B5FD7C6104}.Release|Any CPU.ActiveCfg = Release|Any CPU
		{EB661BC6-C7C4-4AD4-9FF1-C6B5FD7C6104}.Release|Any CPU.Build.0 = Release|Any CPU
		{0C578DC3-F05F-4235-8441-2D005B5DC5A2}.Debug|Any CPU.ActiveCfg = Debug|Any CPU
		{0C578DC3-F05F-4235-8441-2D005B5DC5A2}.Debug|Any CPU.Build.0 = Debug|Any CPU
		{0C578DC3-F05F-4235-8441-2D005B5DC5A2}.Release|Any CPU.ActiveCfg = Release|Any CPU
		{0C578DC3-F05F-4235-8441-2D005B5DC5A2}.Release|Any CPU.Build.0 = Release|Any CPU
	EndGlobalSection
	GlobalSection(SolutionProperties) = preSolution
		HideSolutionNode = FALSE
	EndGlobalSection
	GlobalSection(NestedProjects) = preSolution
		{31BC1FCF-A1D9-4F78-9997-A80AE8E08950} = {BD547175-5080-4D9D-82A8-7E5D49E5E8CE}
		{5247EE70-7EFF-4CB5-8755-28975D3704CB} = {BD547175-5080-4D9D-82A8-7E5D49E5E8CE}
		{A9150F9A-C37E-4F6B-9864-2CBA4A0D0AF7} = {BD547175-5080-4D9D-82A8-7E5D49E5E8CE}
		{2DEF7270-C02D-4B26-B609-AB922B061ED6} = {BD547175-5080-4D9D-82A8-7E5D49E5E8CE}
		{746C8CA3-1B8E-486B-809B-5A5F8EE0BC53} = {BD547175-5080-4D9D-82A8-7E5D49E5E8CE}
		{D78F5329-35DA-4A58-A1A7-0D09D7F44C69} = {BD547175-5080-4D9D-82A8-7E5D49E5E8CE}
		{C163E435-712F-43A8-B865-EA51626C893F} = {31BC1FCF-A1D9-4F78-9997-A80AE8E08950}
		{9A1CE7C2-B9C6-47C2-8F48-DDB2533C5926} = {5247EE70-7EFF-4CB5-8755-28975D3704CB}
		{9A45C24B-693F-4E32-B459-391AFA0AFB5F} = {A9150F9A-C37E-4F6B-9864-2CBA4A0D0AF7}
		{C84CA381-ABFA-4422-BC22-D49B6FB64547} = {746C8CA3-1B8E-486B-809B-5A5F8EE0BC53}
		{EB661BC6-C7C4-4AD4-9FF1-C6B5FD7C6104} = {D78F5329-35DA-4A58-A1A7-0D09D7F44C69}
		{0C578DC3-F05F-4235-8441-2D005B5DC5A2} = {2DEF7270-C02D-4B26-B609-AB922B061ED6}
	EndGlobalSection
	GlobalSection(ExtensibilityGlobals) = postSolution
		SolutionGuid = {24D402D3-513A-4354-A9F6-ED33D1E4CAE0}
	EndGlobalSection
EndGlobal
